
Microsoft Visual Studio Solution File, Format Version 12.00
# Visual Studio Version 17
VisualStudioVersion = 17.0.31903.59
MinimumVisualStudioVersion = 10.0.40219.1
Project("{2150E333-8FDC-42A3-9474-1A3956D46DE8}") = "src", "src", "{827E0CD3-B72D-47B6-A68D-7590B98EB39B}"
EndProject
Project("{FAE04EC0-301F-11D3-BF4B-00C04F79EFBC}") = "PermissionsApi", "src\PermissionsApi\PermissionsApi.csproj", "{D9624E04-9228-4D4F-B5CA-65E787610401}"
EndProject
Project("{2150E333-8FDC-42A3-9474-1A3956D46DE8}") = "test", "test", "{0C88DD14-F956-CE84-757C-A364CCF449FC}"
EndProject
Project("{FAE04EC0-301F-11D3-BF4B-00C04F79EFBC}") = "PermissionsAPI.ReqNRoll", "test\PermissionsAPI.ReqNRoll\PermissionsAPI.ReqNRoll.csproj", "{BDAE31F0-03F4-4A29-B813-FFFC30A736C7}"
EndProject
Project("{FAE04EC0-301F-11D3-BF4B-00C04F79EFBC}") = "PermissionsApi.UnitTests", "test\PermissionsApi.UnitTests\PermissionsApi.UnitTests.csproj", "{97C7847D-295E-404F-BB5F-843EC57A3C9C}"
EndProject
Project("{FAE04EC0-301F-11D3-BF4B-00C04F79EFBC}") = "PermissionsSharedBff", "src\PermissionsSharedBff\PermissionsSharedBff.csproj", "{3A891924-6846-4274-A6EC-9669ABC145FE}"
EndProject
Project("{FAE04EC0-301F-11D3-BF4B-00C04F79EFBC}") = "PermissionsApi.Database", "src\PermissionsApi.Database\PermissionsApi.Database.csproj", "{02F0CED0-1955-4DFA-B4FB-11AD75E5E95A}"
EndProject
Project("{FAE04EC0-301F-11D3-BF4B-00C04F79EFBC}") = "PermissionsApi.TestSupport", "test\PermissionsApi.TestSupport\PermissionsApi.TestSupport.csproj", "{747BB2C0-8013-43DD-A8FE-8A3FF627A245}"
EndProject
Global
	GlobalSection(SolutionConfigurationPlatforms) = preSolution
		Debug|Any CPU = Debug|Any CPU
		Debug|x64 = Debug|x64
		Debug|x86 = Debug|x86
		Release|Any CPU = Release|Any CPU
		Release|x64 = Release|x64
		Release|x86 = Release|x86
	EndGlobalSection
	GlobalSection(ProjectConfigurationPlatforms) = postSolution
		{D9624E04-9228-4D4F-B5CA-65E787610401}.Debug|Any CPU.ActiveCfg = Debug|Any CPU
		{D9624E04-9228-4D4F-B5CA-65E787610401}.Debug|Any CPU.Build.0 = Debug|Any CPU
		{D9624E04-9228-4D4F-B5CA-65E787610401}.Debug|x64.ActiveCfg = Debug|Any CPU
		{D9624E04-9228-4D4F-B5CA-65E787610401}.Debug|x64.Build.0 = Debug|Any CPU
		{D9624E04-9228-4D4F-B5CA-65E787610401}.Debug|x86.ActiveCfg = Debug|Any CPU
		{D9624E04-9228-4D4F-B5CA-65E787610401}.Debug|x86.Build.0 = Debug|Any CPU
		{D9624E04-9228-4D4F-B5CA-65E787610401}.Release|Any CPU.ActiveCfg = Release|Any CPU
		{D9624E04-9228-4D4F-B5CA-65E787610401}.Release|Any CPU.Build.0 = Release|Any CPU
		{D9624E04-9228-4D4F-B5CA-65E787610401}.Release|x64.ActiveCfg = Release|Any CPU
		{D9624E04-9228-4D4F-B5CA-65E787610401}.Release|x64.Build.0 = Release|Any CPU
		{D9624E04-9228-4D4F-B5CA-65E787610401}.Release|x86.ActiveCfg = Release|Any CPU
		{D9624E04-9228-4D4F-B5CA-65E787610401}.Release|x86.Build.0 = Release|Any CPU
		{BDAE31F0-03F4-4A29-B813-FFFC30A736C7}.Debug|Any CPU.ActiveCfg = Debug|Any CPU
		{BDAE31F0-03F4-4A29-B813-FFFC30A736C7}.Debug|Any CPU.Build.0 = Debug|Any CPU
		{BDAE31F0-03F4-4A29-B813-FFFC30A736C7}.Debug|x64.ActiveCfg = Debug|Any CPU
		{BDAE31F0-03F4-4A29-B813-FFFC30A736C7}.Debug|x64.Build.0 = Debug|Any CPU
		{BDAE31F0-03F4-4A29-B813-FFFC30A736C7}.Debug|x86.ActiveCfg = Debug|Any CPU
		{BDAE31F0-03F4-4A29-B813-FFFC30A736C7}.Debug|x86.Build.0 = Debug|Any CPU
		{BDAE31F0-03F4-4A29-B813-FFFC30A736C7}.Release|Any CPU.ActiveCfg = Release|Any CPU
		{BDAE31F0-03F4-4A29-B813-FFFC30A736C7}.Release|Any CPU.Build.0 = Release|Any CPU
		{BDAE31F0-03F4-4A29-B813-FFFC30A736C7}.Release|x64.ActiveCfg = Release|Any CPU
		{BDAE31F0-03F4-4A29-B813-FFFC30A736C7}.Release|x64.Build.0 = Release|Any CPU
		{BDAE31F0-03F4-4A29-B813-FFFC30A736C7}.Release|x86.ActiveCfg = Release|Any CPU
		{BDAE31F0-03F4-4A29-B813-FFFC30A736C7}.Release|x86.Build.0 = Release|Any CPU
		{97C7847D-295E-404F-BB5F-843EC57A3C9C}.Debug|Any CPU.ActiveCfg = Debug|Any CPU
		{97C7847D-295E-404F-BB5F-843EC57A3C9C}.Debug|Any CPU.Build.0 = Debug|Any CPU
		{97C7847D-295E-404F-BB5F-843EC57A3C9C}.Debug|x64.ActiveCfg = Debug|Any CPU
		{97C7847D-295E-404F-BB5F-843EC57A3C9C}.Debug|x64.Build.0 = Debug|Any CPU
		{97C7847D-295E-404F-BB5F-843EC57A3C9C}.Debug|x86.ActiveCfg = Debug|Any CPU
		{97C7847D-295E-404F-BB5F-843EC57A3C9C}.Debug|x86.Build.0 = Debug|Any CPU
		{97C7847D-295E-404F-BB5F-843EC57A3C9C}.Release|Any CPU.ActiveCfg = Release|Any CPU
		{97C7847D-295E-404F-BB5F-843EC57A3C9C}.Release|Any CPU.Build.0 = Release|Any CPU
		{97C7847D-295E-404F-BB5F-843EC57A3C9C}.Release|x64.ActiveCfg = Release|Any CPU
		{97C7847D-295E-404F-BB5F-843EC57A3C9C}.Release|x64.Build.0 = Release|Any CPU
		{97C7847D-295E-404F-BB5F-843EC57A3C9C}.Release|x86.ActiveCfg = Release|Any CPU
		{97C7847D-295E-404F-BB5F-843EC57A3C9C}.Release|x86.Build.0 = Release|Any CPU
		{3A891924-6846-4274-A6EC-9669ABC145FE}.Debug|Any CPU.ActiveCfg = Debug|Any CPU
		{3A891924-6846-4274-A6EC-9669ABC145FE}.Debug|Any CPU.Build.0 = Debug|Any CPU
		{3A891924-6846-4274-A6EC-9669ABC145FE}.Debug|x64.ActiveCfg = Debug|Any CPU
		{3A891924-6846-4274-A6EC-9669ABC145FE}.Debug|x64.Build.0 = Debug|Any CPU
		{3A891924-6846-4274-A6EC-9669ABC145FE}.Debug|x86.ActiveCfg = Debug|Any CPU
		{3A891924-6846-4274-A6EC-9669ABC145FE}.Debug|x86.Build.0 = Debug|Any CPU
		{3A891924-6846-4274-A6EC-9669ABC145FE}.Release|Any CPU.ActiveCfg = Release|Any CPU
		{3A891924-6846-4274-A6EC-9669ABC145FE}.Release|Any CPU.Build.0 = Release|Any CPU
		{3A891924-6846-4274-A6EC-9669ABC145FE}.Release|x64.ActiveCfg = Release|Any CPU
		{3A891924-6846-4274-A6EC-9669ABC145FE}.Release|x64.Build.0 = Release|Any CPU
		{3A891924-6846-4274-A6EC-9669ABC145FE}.Release|x86.ActiveCfg = Release|Any CPU
		{3A891924-6846-4274-A6EC-9669ABC145FE}.Release|x86.Build.0 = Release|Any CPU
		{02F0CED0-1955-4DFA-B4FB-11AD75E5E95A}.Debug|Any CPU.ActiveCfg = Debug|Any CPU
		{02F0CED0-1955-4DFA-B4FB-11AD75E5E95A}.Debug|Any CPU.Build.0 = Debug|Any CPU
		{02F0CED0-1955-4DFA-B4FB-11AD75E5E95A}.Debug|x64.ActiveCfg = Debug|Any CPU
		{02F0CED0-1955-4DFA-B4FB-11AD75E5E95A}.Debug|x64.Build.0 = Debug|Any CPU
		{02F0CED0-1955-4DFA-B4FB-11AD75E5E95A}.Debug|x86.ActiveCfg = Debug|Any CPU
		{02F0CED0-1955-4DFA-B4FB-11AD75E5E95A}.Debug|x86.Build.0 = Debug|Any CPU
		{02F0CED0-1955-4DFA-B4FB-11AD75E5E95A}.Release|Any CPU.ActiveCfg = Release|Any CPU
		{02F0CED0-1955-4DFA-B4FB-11AD75E5E95A}.Release|Any CPU.Build.0 = Release|Any CPU
		{02F0CED0-1955-4DFA-B4FB-11AD75E5E95A}.Release|x64.ActiveCfg = Release|Any CPU
		{02F0CED0-1955-4DFA-B4FB-11AD75E5E95A}.Release|x64.Build.0 = Release|Any CPU
		{02F0CED0-1955-4DFA-B4FB-11AD75E5E95A}.Release|x86.ActiveCfg = Release|Any CPU
		{02F0CED0-1955-4DFA-B4FB-11AD75E5E95A}.Release|x86.Build.0 = Release|Any CPU
		{747BB2C0-8013-43DD-A8FE-8A3FF627A245}.Debug|Any CPU.ActiveCfg = Debug|Any CPU
		{747BB2C0-8013-43DD-A8FE-8A3FF627A245}.Debug|Any CPU.Build.0 = Debug|Any CPU
		{747BB2C0-8013-43DD-A8FE-8A3FF627A245}.Debug|x64.ActiveCfg = Debug|Any CPU
		{747BB2C0-8013-43DD-A8FE-8A3FF627A245}.Debug|x64.Build.0 = Debug|Any CPU
		{747BB2C0-8013-43DD-A8FE-8A3FF627A245}.Debug|x86.ActiveCfg = Debug|Any CPU
		{747BB2C0-8013-43DD-A8FE-8A3FF627A245}.Debug|x86.Build.0 = Debug|Any CPU
		{747BB2C0-8013-43DD-A8FE-8A3FF627A245}.Release|Any CPU.ActiveCfg = Release|Any CPU
		{747BB2C0-8013-43DD-A8FE-8A3FF627A245}.Release|Any CPU.Build.0 = Release|Any CPU
		{747BB2C0-8013-43DD-A8FE-8A3FF627A245}.Release|x64.ActiveCfg = Release|Any CPU
		{747BB2C0-8013-43DD-A8FE-8A3FF627A245}.Release|x64.Build.0 = Release|Any CPU
		{747BB2C0-8013-43DD-A8FE-8A3FF627A245}.Release|x86.ActiveCfg = Release|Any CPU
		{747BB2C0-8013-43DD-A8FE-8A3FF627A245}.Release|x86.Build.0 = Release|Any CPU
	EndGlobalSection
	GlobalSection(SolutionProperties) = preSolution
		HideSolutionNode = FALSE
	EndGlobalSection
	GlobalSection(NestedProjects) = preSolution
		{D9624E04-9228-4D4F-B5CA-65E787610401} = {827E0CD3-B72D-47B6-A68D-7590B98EB39B}
		{BDAE31F0-03F4-4A29-B813-FFFC30A736C7} = {0C88DD14-F956-CE84-757C-A364CCF449FC}
		{97C7847D-295E-404F-BB5F-843EC57A3C9C} = {0C88DD14-F956-CE84-757C-A364CCF449FC}
		{3A891924-6846-4274-A6EC-9669ABC145FE} = {827E0CD3-B72D-47B6-A68D-7590B98EB39B}
		{02F0CED0-1955-4DFA-B4FB-11AD75E5E95A} = {827E0CD3-B72D-47B6-A68D-7590B98EB39B}
		{747BB2C0-8013-43DD-A8FE-8A3FF627A245} = {0C88DD14-F956-CE84-757C-A364CCF449FC}
	EndGlobalSection
EndGlobal
